# This file is automatically @generated by Cargo.
# It is not intended for manual editing.
version = 4

[[package]]
name = "cc"
version = "1.2.56"
source = "registry+https://github.com/rust-lang/crates.io-index"
checksum = "aebf35691d1bfb0ac386a69bac2fde4dd276fb618cf8bf4f5318fe285e821bb2"
dependencies = [
 "find-msvc-tools",
 "shlex",
]

[[package]]
name = "doom-guest"
version = "0.1.0"
dependencies = [
 "cc",
 "polkavm-derive",
]

[[package]]
name = "find-msvc-tools"
version = "0.1.9"
source = "registry+https://github.com/rust-lang/crates.io-index"
checksum = "5baebc0774151f905a1a2cc41989300b1e6fbb29aff0ceffa1064fdd3088d582"

[[package]]
name = "picosimd"
version = "0.9.3"
source = "registry+https://github.com/rust-lang/crates.io-index"
checksum = "3f8cf1ae70818c6476eb2da0ac8f3f55ecdea41a7aa16824ea6efc4a31cccf41"

[[package]]
name = "polkavm-common"
version = "0.31.0"
source = "registry+https://github.com/rust-lang/crates.io-index"
checksum = "a0a3e43fa1a54b955a2f9422b1690c3cc29252ac8828c02a99d2370b9f2a188e"
dependencies = [
 "picosimd",
]

[[package]]
name = "polkavm-derive"
version = "0.31.0"
source = "registry+https://github.com/rust-lang/crates.io-index"
checksum = "c3d944b6b4e792c2a120232b52bd6f2c9dd3071d3f48462afb2b5d00cb9f7ac9"
dependencies = [
 "polkavm-derive-impl-macro",
]

[[package]]
name = "polkavm-derive-impl"
version = "0.31.0"
source = "registry+https://github.com/rust-lang/crates.io-index"
checksum = "57c14b030150f81dfde110997b6fafc19741998130908fdab85f1a66bb735025"
dependencies = [
 "polkavm-common",
 "proc-macro2",
 "quote",
 "syn",
]

[[package]]
name = "polkavm-derive-impl-macro"
version = "0.31.0"
source = "registry+https://github.com/rust-lang/crates.io-index"
checksum = "f3fcadb13edfcc3b4046fcd2d292597782f5b7a2af140e6363fbf71fe196b425"
dependencies = [
 "polkavm-derive-impl",
 "syn",
]

[[package]]
name = "proc-macro2"
version = "1.0.106"
source = "registry+https://github.com/rust-lang/crates.io-index"
checksum = "8fd00f0bb2e90d81d1044c2b32617f68fcb9fa3bb7640c23e9c748e53fb30934"
dependencies = [
 "unicode-ident",
]

[[package]]
name = "quote"
version = "1.0.45"
source = "registry+https://github.com/rust-lang/crates.io-index"
checksum = "41f2619966050689382d2b44f664f4bc593e129785a36d6ee376ddf37259b924"
dependencies = [
 "proc-macro2",
]

[[package]]
name = "shlex"
version = "1.3.0"
source = "registry+https://github.com/rust-lang/crates.io-index"
checksum = "0fda2ff0d084019ba4d7c6f371c95d8fd75ce3524c3cb8fb653a3023f6323e64"

[[package]]
name = "syn"
version = "2.0.117"
source = "registry+https://github.com/rust-lang/crates.io-index"
checksum = "e665b8803e7b1d2a727f4023456bbbbe74da67099c585258af0ad9c5013b9b99"
dependencies = [
 "proc-macro2",
 "quote",
 "unicode-ident",
]

[[package]]
name = "unicode-ident"
version = "1.0.24"
source = "registry+https://github.com/rust-lang/crates.io-index"
checksum = "e6e4313cd5fcd3dad5cafa179702e2b244f760991f45397d14d4ebf38247da75"
